
Microsoft Visual Studio Solution File, Format Version 12.00
# Visual Studio 14
VisualStudioVersion = 14.0.25123.0
MinimumVisualStudioVersion = 10.0.40219.1
Project("{2150E333-8FDC-42A3-9474-1A3956D46DE8}") = "2-DemoXamarinIntroductionForms", "2-DemoXamarinIntroductionForms", "{878244DB-E4DB-4765-A0B2-06902735BD97}"
EndProject
Project("{2150E333-8FDC-42A3-9474-1A3956D46DE8}") = "1-DemoXamarinIntroductionNative", "1-DemoXamarinIntroductionNative", "{5CF8B6B9-18D1-4537-B272-55A1EF4A6CC8}"
EndProject
Project("{FAE04EC0-301F-11D3-BF4B-00C04F79EFBC}") = "DemoXamarinIntroductionNative.iOS", "1-DemoXamarinIntroductionNative\iOS\DemoXamarinIntroductionNative.iOS.csproj", "{499C0B30-D754-4E13-A8B1-B6AEBE493300}"
EndProject
Project("{FAE04EC0-301F-11D3-BF4B-00C04F79EFBC}") = "DemoXamarinIntroductionNative.Droid", "1-DemoXamarinIntroductionNative\Droid\DemoXamarinIntroductionNative.Droid.csproj", "{C01C8D75-C1EA-4FC2-A7BC-4451C86AD944}"
EndProject
Project("{2150E333-8FDC-42A3-9474-1A3956D46DE8}") = "Common", "Common", "{C6460157-272A-4556-8A4B-099CDF306A44}"
EndProject
Project("{FAE04EC0-301F-11D3-BF4B-00C04F79EFBC}") = "SharedCode", "Common\SharedCode\SharedCode.csproj", "{9CC5DBD9-BF5D-45AC-BB87-54329B194442}"
EndProject
Project("{FAE04EC0-301F-11D3-BF4B-00C04F79EFBC}") = "DemoXamarinIntroductionForms.iOS", "2-DemoXamarinIntroductionForms\iOS\DemoXamarinIntroductionForms.iOS.csproj", "{C3E9BD1B-7BF0-4E92-B869-F7B511D4FDCC}"
EndProject
Project("{FAE04EC0-301F-11D3-BF4B-00C04F79EFBC}") = "DemoXamarinIntroductionForms", "2-DemoXamarinIntroductionForms\DemoXamarinIntroductionForms\DemoXamarinIntroductionForms.csproj", "{D0600D28-F320-4699-A27C-6E5E8DC68141}"
EndProject
Project("{FAE04EC0-301F-11D3-BF4B-00C04F79EFBC}") = "DemoXamarinIntroductionForms.Droid", "2-DemoXamarinIntroductionForms\Droid\DemoXamarinIntroductionForms.Droid.csproj", "{2E9A96F8-6972-4397-B4D6-DA1EB33F712E}"
EndProject
Project("{FAE04EC0-301F-11D3-BF4B-00C04F79EFBC}") = "DemoXamarinIntroductionForms.Universal", "2-DemoXamarinIntroductionForms\Universal\DemoXamarinIntroductionForms.Universal.csproj", "{700802FE-273B-4D29-9AEE-B476DEECCAC7}"
EndProject
Global
	GlobalSection(SolutionConfigurationPlatforms) = preSolution
		Debug|Any CPU = Debug|Any CPU
		Debug|ARM = Debug|ARM
		Debug|iPhone = Debug|iPhone
		Debug|iPhoneSimulator = Debug|iPhoneSimulator
		Debug|x64 = Debug|x64
		Debug|x86 = Debug|x86
		Release|Any CPU = Release|Any CPU
		Release|ARM = Release|ARM
		Release|iPhone = Release|iPhone
		Release|iPhoneSimulator = Release|iPhoneSimulator
		Release|x64 = Release|x64
		Release|x86 = Release|x86
	EndGlobalSection
	GlobalSection(ProjectConfigurationPlatforms) = postSolution
		{499C0B30-D754-4E13-A8B1-B6AEBE493300}.Debug|Any CPU.ActiveCfg = Debug|iPhoneSimulator
		{499C0B30-D754-4E13-A8B1-B6AEBE493300}.Debug|Any CPU.Build.0 = Debug|iPhoneSimulator
		{499C0B30-D754-4E13-A8B1-B6AEBE493300}.Debug|ARM.ActiveCfg = Debug|iPhone
		{499C0B30-D754-4E13-A8B1-B6AEBE493300}.Debug|iPhone.ActiveCfg = Debug|iPhone
		{499C0B30-D754-4E13-A8B1-B6AEBE493300}.Debug|iPhone.Build.0 = Debug|iPhone
		{499C0B30-D754-4E13-A8B1-B6AEBE493300}.Debug|iPhoneSimulator.ActiveCfg = Debug|iPhoneSimulator
		{499C0B30-D754-4E13-A8B1-B6AEBE493300}.Debug|iPhoneSimulator.Build.0 = Debug|iPhoneSimulator
		{499C0B30-D754-4E13-A8B1-B6AEBE493300}.Debug|x64.ActiveCfg = Debug|iPhone
		{499C0B30-D754-4E13-A8B1-B6AEBE493300}.Debug|x86.ActiveCfg = Debug|iPhone
		{499C0B30-D754-4E13-A8B1-B6AEBE493300}.Release|Any CPU.ActiveCfg = Release|iPhone
		{499C0B30-D754-4E13-A8B1-B6AEBE493300}.Release|Any CPU.Build.0 = Release|iPhone
		{499C0B30-D754-4E13-A8B1-B6AEBE493300}.Release|ARM.ActiveCfg = Release|iPhoneSimulator
		{499C0B30-D754-4E13-A8B1-B6AEBE493300}.Release|iPhone.ActiveCfg = Release|iPhone
		{499C0B30-D754-4E13-A8B1-B6AEBE493300}.Release|iPhone.Build.0 = Release|iPhone
		{499C0B30-D754-4E13-A8B1-B6AEBE493300}.Release|iPhoneSimulator.ActiveCfg = Release|iPhoneSimulator
		{499C0B30-D754-4E13-A8B1-B6AEBE493300}.Release|iPhoneSimulator.Build.0 = Release|iPhoneSimulator
		{499C0B30-D754-4E13-A8B1-B6AEBE493300}.Release|x64.ActiveCfg = Release|iPhoneSimulator
		{499C0B30-D754-4E13-A8B1-B6AEBE493300}.Release|x86.ActiveCfg = Release|iPhoneSimulator
		{C01C8D75-C1EA-4FC2-A7BC-4451C86AD944}.Debug|Any CPU.ActiveCfg = Debug|Any CPU
		{C01C8D75-C1EA-4FC2-A7BC-4451C86AD944}.Debug|Any CPU.Build.0 = Debug|Any CPU
		{C01C8D75-C1EA-4FC2-A7BC-4451C86AD944}.Debug|ARM.ActiveCfg = Debug|Any CPU
		{C01C8D75-C1EA-4FC2-A7BC-4451C86AD944}.Debug|ARM.Build.0 = Debug|Any CPU
		{C01C8D75-C1EA-4FC2-A7BC-4451C86AD944}.Debug|ARM.Deploy.0 = Debug|Any CPU
		{C01C8D75-C1EA-4FC2-A7BC-4451C86AD944}.Debug|iPhone.ActiveCfg = Debug|Any CPU
		{C01C8D75-C1EA-4FC2-A7BC-4451C86AD944}.Debug|iPhone.Build.0 = Debug|Any CPU
		{C01C8D75-C1EA-4FC2-A7BC-4451C86AD944}.Debug|iPhoneSimulator.ActiveCfg = Debug|Any CPU
		{C01C8D75-C1EA-4FC2-A7BC-4451C86AD944}.Debug|iPhoneSimulator.Build.0 = Debug|Any CPU
		{C01C8D75-C1EA-4FC2-A7BC-4451C86AD944}.Debug|x64.ActiveCfg = Debug|Any CPU
		{C01C8D75-C1EA-4FC2-A7BC-4451C86AD944}.Debug|x64.Build.0 = Debug|Any CPU
		{C01C8D75-C1EA-4FC2-A7BC-4451C86AD944}.Debug|x64.Deploy.0 = Debug|Any CPU
		{C01C8D75-C1EA-4FC2-A7BC-4451C86AD944}.Debug|x86.ActiveCfg = Debug|Any CPU
		{C01C8D75-C1EA-4FC2-A7BC-4451C86AD944}.Debug|x86.Build.0 = Debug|Any CPU
		{C01C8D75-C1EA-4FC2-A7BC-4451C86AD944}.Debug|x86.Deploy.0 = Debug|Any CPU
		{C01C8D75-C1EA-4FC2-A7BC-4451C86AD944}.Release|Any CPU.ActiveCfg = Release|Any CPU
		{C01C8D75-C1EA-4FC2-A7BC-4451C86AD944}.Release|Any CPU.Build.0 = Release|Any CPU
		{C01C8D75-C1EA-4FC2-A7BC-4451C86AD944}.Release|ARM.ActiveCfg = Release|Any CPU
		{C01C8D75-C1EA-4FC2-A7BC-4451C86AD944}.Release|ARM.Build.0 = Release|Any CPU
		{C01C8D75-C1EA-4FC2-A7BC-4451C86AD944}.Release|ARM.Deploy.0 = Release|Any CPU
		{C01C8D75-C1EA-4FC2-A7BC-4451C86AD944}.Release|iPhone.ActiveCfg = Release|Any CPU
		{C01C8D75-C1EA-4FC2-A7BC-4451C86AD944}.Release|iPhone.Build.0 = Release|Any CPU
		{C01C8D75-C1EA-4FC2-A7BC-4451C86AD944}.Release|iPhoneSimulator.ActiveCfg = Release|Any CPU
		{C01C8D75-C1EA-4FC2-A7BC-4451C86AD944}.Release|iPhoneSimulator.Build.0 = Release|Any CPU
		{C01C8D75-C1EA-4FC2-A7BC-4451C86AD944}.Release|x64.ActiveCfg = Release|Any CPU
		{C01C8D75-C1EA-4FC2-A7BC-4451C86AD944}.Release|x64.Build.0 = Release|Any CPU
		{C01C8D75-C1EA-4FC2-A7BC-4451C86AD944}.Release|x64.Deploy.0 = Release|Any CPU
		{C01C8D75-C1EA-4FC2-A7BC-4451C86AD944}.Release|x86.ActiveCfg = Release|Any CPU
		{C01C8D75-C1EA-4FC2-A7BC-4451C86AD944}.Release|x86.Build.0 = Release|Any CPU
		{C01C8D75-C1EA-4FC2-A7BC-4451C86AD944}.Release|x86.Deploy.0 = Release|Any CPU
		{9CC5DBD9-BF5D-45AC-BB87-54329B194442}.Debug|Any CPU.ActiveCfg = Debug|Any CPU
		{9CC5DBD9-BF5D-45AC-BB87-54329B194442}.Debug|Any CPU.Build.0 = Debug|Any CPU
		{9CC5DBD9-BF5D-45AC-BB87-54329B194442}.Debug|ARM.ActiveCfg = Debug|Any CPU
		{9CC5DBD9-BF5D-45AC-BB87-54329B194442}.Debug|ARM.Build.0 = Debug|Any CPU
		{9CC5DBD9-BF5D-45AC-BB87-54329B194442}.Debug|iPhone.ActiveCfg = Debug|Any CPU
		{9CC5DBD9-BF5D-45AC-BB87-54329B194442}.Debug|iPhone.Build.0 = Debug|Any CPU
		{9CC5DBD9-BF5D-45AC-BB87-54329B194442}.Debug|iPhoneSimulator.ActiveCfg = Debug|Any CPU
		{9CC5DBD9-BF5D-45AC-BB87-54329B194442}.Debug|iPhoneSimulator.Build.0 = Debug|Any CPU
		{9CC5DBD9-BF5D-45AC-BB87-54329B194442}.Debug|x64.ActiveCfg = Debug|Any CPU
		{9CC5DBD9-BF5D-45AC-BB87-54329B194442}.Debug|x64.Build.0 = Debug|Any CPU
		{9CC5DBD9-BF5D-45AC-BB87-54329B194442}.Debug|x86.ActiveCfg = Debug|Any CPU
		{9CC5DBD9-BF5D-45AC-BB87-54329B194442}.Debug|x86.Build.0 = Debug|Any CPU
		{9CC5DBD9-BF5D-45AC-BB87-54329B194442}.Release|Any CPU.ActiveCfg = Release|Any CPU
		{9CC5DBD9-BF5D-45AC-BB87-54329B194442}.Release|Any CPU.Build.0 = Release|Any CPU
		{9CC5DBD9-BF5D-45AC-BB87-54329B194442}.Release|ARM.ActiveCfg = Release|Any CPU
		{9CC5DBD9-BF5D-45AC-BB87-54329B194442}.Release|ARM.Build.0 = Release|Any CPU
		{9CC5DBD9-BF5D-45AC-BB87-54329B194442}.Release|iPhone.ActiveCfg = Release|Any CPU
		{9CC5DBD9-BF5D-45AC-BB87-54329B194442}.Release|iPhone.Build.0 = Release|Any CPU
		{9CC5DBD9-BF5D-45AC-BB87-54329B194442}.Release|iPhoneSimulator.ActiveCfg = Release|Any CPU
		{9CC5DBD9-BF5D-45AC-BB87-54329B194442}.Release|iPhoneSimulator.Build.0 = Release|Any CPU
		{9CC5DBD9-BF5D-45AC-BB87-54329B194442}.Release|x64.ActiveCfg = Release|Any CPU
		{9CC5DBD9-BF5D-45AC-BB87-54329B194442}.Release|x64.Build.0 = Release|Any CPU
		{9CC5DBD9-BF5D-45AC-BB87-54329B194442}.Release|x86.ActiveCfg = Release|Any CPU
		{9CC5DBD9-BF5D-45AC-BB87-54329B194442}.Release|x86.Build.0 = Release|Any CPU
		{C3E9BD1B-7BF0-4E92-B869-F7B511D4FDCC}.Debug|Any CPU.ActiveCfg = Debug|iPhoneSimulator
		{C3E9BD1B-7BF0-4E92-B869-F7B511D4FDCC}.Debug|Any CPU.Build.0 = Debug|iPhoneSimulator
		{C3E9BD1B-7BF0-4E92-B869-F7B511D4FDCC}.Debug|ARM.ActiveCfg = Debug|iPhone
		{C3E9BD1B-7BF0-4E92-B869-F7B511D4FDCC}.Debug|iPhone.ActiveCfg = Debug|iPhone
		{C3E9BD1B-7BF0-4E92-B869-F7B511D4FDCC}.Debug|iPhone.Build.0 = Debug|iPhone
		{C3E9BD1B-7BF0-4E92-B869-F7B511D4FDCC}.Debug|iPhoneSimulator.ActiveCfg = Debug|iPhoneSimulator
		{C3E9BD1B-7BF0-4E92-B869-F7B511D4FDCC}.Debug|iPhoneSimulator.Build.0 = Debug|iPhoneSimulator
		{C3E9BD1B-7BF0-4E92-B869-F7B511D4FDCC}.Debug|x64.ActiveCfg = Debug|iPhone
		{C3E9BD1B-7BF0-4E92-B869-F7B511D4FDCC}.Debug|x86.ActiveCfg = Debug|iPhone
		{C3E9BD1B-7BF0-4E92-B869-F7B511D4FDCC}.Release|Any CPU.ActiveCfg = Release|iPhone
		{C3E9BD1B-7BF0-4E92-B869-F7B511D4FDCC}.Release|Any CPU.Build.0 = Release|iPhone
		{C3E9BD1B-7BF0-4E92-B869-F7B511D4FDCC}.Release|ARM.ActiveCfg = Release|iPhoneSimulator
		{C3E9BD1B-7BF0-4E92-B869-F7B511D4FDCC}.Release|iPhone.ActiveCfg = Release|iPhone
		{C3E9BD1B-7BF0-4E92-B869-F7B511D4FDCC}.Release|iPhone.Build.0 = Release|iPhone
		{C3E9BD1B-7BF0-4E92-B869-F7B511D4FDCC}.Release|iPhoneSimulator.ActiveCfg = Release|iPhoneSimulator
		{C3E9BD1B-7BF0-4E92-B869-F7B511D4FDCC}.Release|iPhoneSimulator.Build.0 = Release|iPhoneSimulator
		{C3E9BD1B-7BF0-4E92-B869-F7B511D4FDCC}.Release|x64.ActiveCfg = Release|iPhoneSimulator
		{C3E9BD1B-7BF0-4E92-B869-F7B511D4FDCC}.Release|x86.ActiveCfg = Release|iPhoneSimulator
		{D0600D28-F320-4699-A27C-6E5E8DC68141}.Debug|Any CPU.ActiveCfg = Debug|Any CPU
		{D0600D28-F320-4699-A27C-6E5E8DC68141}.Debug|Any CPU.Build.0 = Debug|Any CPU
		{D0600D28-F320-4699-A27C-6E5E8DC68141}.Debug|ARM.ActiveCfg = Debug|Any CPU
		{D0600D28-F320-4699-A27C-6E5E8DC68141}.Debug|ARM.Build.0 = Debug|Any CPU
		{D0600D28-F320-4699-A27C-6E5E8DC68141}.Debug|iPhone.ActiveCfg = Debug|Any CPU
		{D0600D28-F320-4699-A27C-6E5E8DC68141}.Debug|iPhone.Build.0 = Debug|Any CPU
		{D0600D28-F320-4699-A27C-6E5E8DC68141}.Debug|iPhoneSimulator.ActiveCfg = Debug|Any CPU
		{D0600D28-F320-4699-A27C-6E5E8DC68141}.Debug|iPhoneSimulator.Build.0 = Debug|Any CPU
		{D0600D28-F320-4699-A27C-6E5E8DC68141}.Debug|x64.ActiveCfg = Debug|Any CPU
		{D0600D28-F320-4699-A27C-6E5E8DC68141}.Debug|x64.Build.0 = Debug|Any CPU
		{D0600D28-F320-4699-A27C-6E5E8DC68141}.Debug|x86.ActiveCfg = Debug|Any CPU
		{D0600D28-F320-4699-A27C-6E5E8DC68141}.Debug|x86.Build.0 = Debug|Any CPU
		{D0600D28-F320-4699-A27C-6E5E8DC68141}.Release|Any CPU.ActiveCfg = Release|Any CPU
		{D0600D28-F320-4699-A27C-6E5E8DC68141}.Release|Any CPU.Build.0 = Release|Any CPU
		{D0600D28-F320-4699-A27C-6E5E8DC68141}.Release|ARM.ActiveCfg = Release|Any CPU
		{D0600D28-F320-4699-A27C-6E5E8DC68141}.Release|ARM.Build.0 = Release|Any CPU
		{D0600D28-F320-4699-A27C-6E5E8DC68141}.Release|iPhone.ActiveCfg = Release|Any CPU
		{D0600D28-F320-4699-A27C-6E5E8DC68141}.Release|iPhone.Build.0 = Release|Any CPU
		{D0600D28-F320-4699-A27C-6E5E8DC68141}.Release|iPhoneSimulator.ActiveCfg = Release|Any CPU
		{D0600D28-F320-4699-A27C-6E5E8DC68141}.Release|iPhoneSimulator.Build.0 = Release|Any CPU
		{D0600D28-F320-4699-A27C-6E5E8DC68141}.Release|x64.ActiveCfg = Release|Any CPU
		{D0600D28-F320-4699-A27C-6E5E8DC68141}.Release|x64.Build.0 = Release|Any CPU
		{D0600D28-F320-4699-A27C-6E5E8DC68141}.Release|x86.ActiveCfg = Release|Any CPU
		{D0600D28-F320-4699-A27C-6E5E8DC68141}.Release|x86.Build.0 = Release|Any CPU
		{2E9A96F8-6972-4397-B4D6-DA1EB33F712E}.Debug|Any CPU.ActiveCfg = Debug|Any CPU
		{2E9A96F8-6972-4397-B4D6-DA1EB33F712E}.Debug|Any CPU.Build.0 = Debug|Any CPU
		{2E9A96F8-6972-4397-B4D6-DA1EB33F712E}.Debug|ARM.ActiveCfg = Debug|Any CPU
		{2E9A96F8-6972-4397-B4D6-DA1EB33F712E}.Debug|ARM.Build.0 = Debug|Any CPU
		{2E9A96F8-6972-4397-B4D6-DA1EB33F712E}.Debug|ARM.Deploy.0 = Debug|Any CPU
		{2E9A96F8-6972-4397-B4D6-DA1EB33F712E}.Debug|iPhone.ActiveCfg = Debug|Any CPU
		{2E9A96F8-6972-4397-B4D6-DA1EB33F712E}.Debug|iPhone.Build.0 = Debug|Any CPU
		{2E9A96F8-6972-4397-B4D6-DA1EB33F712E}.Debug|iPhoneSimulator.ActiveCfg = Debug|Any CPU
		{2E9A96F8-6972-4397-B4D6-DA1EB33F712E}.Debug|iPhoneSimulator.Build.0 = Debug|Any CPU
		{2E9A96F8-6972-4397-B4D6-DA1EB33F712E}.Debug|x64.ActiveCfg = Debug|Any CPU
		{2E9A96F8-6972-4397-B4D6-DA1EB33F712E}.Debug|x64.Build.0 = Debug|Any CPU
		{2E9A96F8-6972-4397-B4D6-DA1EB33F712E}.Debug|x64.Deploy.0 = Debug|Any CPU
		{2E9A96F8-6972-4397-B4D6-DA1EB33F712E}.Debug|x86.ActiveCfg = Debug|Any CPU
		{2E9A96F8-6972-4397-B4D6-DA1EB33F712E}.Debug|x86.Build.0 = Debug|Any CPU
		{2E9A96F8-6972-4397-B4D6-DA1EB33F712E}.Debug|x86.Deploy.0 = Debug|Any CPU
		{2E9A96F8-6972-4397-B4D6-DA1EB33F712E}.Release|Any CPU.ActiveCfg = Release|Any CPU
		{2E9A96F8-6972-4397-B4D6-DA1EB33F712E}.Release|Any CPU.Build.0 = Release|Any CPU
		{2E9A96F8-6972-4397-B4D6-DA1EB33F712E}.Release|ARM.ActiveCfg = Release|Any CPU
		{2E9A96F8-6972-4397-B4D6-DA1EB33F712E}.Release|ARM.Build.0 = Release|Any CPU
		{2E9A96F8-6972-4397-B4D6-DA1EB33F712E}.Release|ARM.Deploy.0 = Release|Any CPU
		{2E9A96F8-6972-4397-B4D6-DA1EB33F712E}.Release|iPhone.ActiveCfg = Release|Any CPU
		{2E9A96F8-6972-4397-B4D6-DA1EB33F712E}.Release|iPhone.Build.0 = Release|Any CPU
		{2E9A96F8-6972-4397-B4D6-DA1EB33F712E}.Release|iPhoneSimulator.ActiveCfg = Release|Any CPU
		{2E9A96F8-6972-4397-B4D6-DA1EB33F712E}.Release|iPhoneSimulator.Build.0 = Release|Any CPU
		{2E9A96F8-6972-4397-B4D6-DA1EB33F712E}.Release|x64.ActiveCfg = Release|Any CPU
		{2E9A96F8-6972-4397-B4D6-DA1EB33F712E}.Release|x64.Build.0 = Release|Any CPU
		{2E9A96F8-6972-4397-B4D6-DA1EB33F712E}.Release|x64.Deploy.0 = Release|Any CPU
		{2E9A96F8-6972-4397-B4D6-DA1EB33F712E}.Release|x86.ActiveCfg = Release|Any CPU
		{2E9A96F8-6972-4397-B4D6-DA1EB33F712E}.Release|x86.Build.0 = Release|Any CPU
		{2E9A96F8-6972-4397-B4D6-DA1EB33F712E}.Release|x86.Deploy.0 = Release|Any CPU
		{700802FE-273B-4D29-9AEE-B476DEECCAC7}.Debug|Any CPU.ActiveCfg = Debug|x86
		{700802FE-273B-4D29-9AEE-B476DEECCAC7}.Debug|Any CPU.Build.0 = Debug|x86
		{700802FE-273B-4D29-9AEE-B476DEECCAC7}.Debug|ARM.ActiveCfg = Debug|ARM
		{700802FE-273B-4D29-9AEE-B476DEECCAC7}.Debug|ARM.Build.0 = Debug|ARM
		{700802FE-273B-4D29-9AEE-B476DEECCAC7}.Debug|iPhone.ActiveCfg = Debug|x86
		{700802FE-273B-4D29-9AEE-B476DEECCAC7}.Debug|iPhone.Build.0 = Debug|x86
		{700802FE-273B-4D29-9AEE-B476DEECCAC7}.Debug|iPhoneSimulator.ActiveCfg = Debug|x86
		{700802FE-273B-4D29-9AEE-B476DEECCAC7}.Debug|iPhoneSimulator.Build.0 = Debug|x86
		{700802FE-273B-4D29-9AEE-B476DEECCAC7}.Debug|x64.ActiveCfg = Debug|x64
		{700802FE-273B-4D29-9AEE-B476DEECCAC7}.Debug|x64.Build.0 = Debug|x64
		{700802FE-273B-4D29-9AEE-B476DEECCAC7}.Debug|x86.ActiveCfg = Debug|x86
		{700802FE-273B-4D29-9AEE-B476DEECCAC7}.Debug|x86.Build.0 = Debug|x86
		{700802FE-273B-4D29-9AEE-B476DEECCAC7}.Debug|x86.Deploy.0 = Debug|x86
		{700802FE-273B-4D29-9AEE-B476DEECCAC7}.Release|Any CPU.ActiveCfg = Release|x86
		{700802FE-273B-4D29-9AEE-B476DEECCAC7}.Release|Any CPU.Build.0 = Release|x86
		{700802FE-273B-4D29-9AEE-B476DEECCAC7}.Release|ARM.ActiveCfg = Release|ARM
		{700802FE-273B-4D29-9AEE-B476DEECCAC7}.Release|ARM.Build.0 = Release|ARM
		{700802FE-273B-4D29-9AEE-B476DEECCAC7}.Release|iPhone.ActiveCfg = Release|x86
		{700802FE-273B-4D29-9AEE-B476DEECCAC7}.Release|iPhone.Build.0 = Release|x86
		{700802FE-273B-4D29-9AEE-B476DEECCAC7}.Release|iPhoneSimulator.ActiveCfg = Release|x86
		{700802FE-273B-4D29-9AEE-B476DEECCAC7}.Release|iPhoneSimulator.Build.0 = Release|x86
		{700802FE-273B-4D29-9AEE-B476DEECCAC7}.Release|x64.ActiveCfg = Release|x64
		{700802FE-273B-4D29-9AEE-B476DEECCAC7}.Release|x64.Build.0 = Release|x64
		{700802FE-273B-4D29-9AEE-B476DEECCAC7}.Release|x86.ActiveCfg = Release|x86
		{700802FE-273B-4D29-9AEE-B476DEECCAC7}.Release|x86.Build.0 = Release|x86
	EndGlobalSection
	GlobalSection(SolutionProperties) = preSolution
		HideSolutionNode = FALSE
	EndGlobalSection
	GlobalSection(NestedProjects) = preSolution
		{499C0B30-D754-4E13-A8B1-B6AEBE493300} = {5CF8B6B9-18D1-4537-B272-55A1EF4A6CC8}
		{C01C8D75-C1EA-4FC2-A7BC-4451C86AD944} = {5CF8B6B9-18D1-4537-B272-55A1EF4A6CC8}
		{9CC5DBD9-BF5D-45AC-BB87-54329B194442} = {C6460157-272A-4556-8A4B-099CDF306A44}
		{C3E9BD1B-7BF0-4E92-B869-F7B511D4FDCC} = {878244DB-E4DB-4765-A0B2-06902735BD97}
		{D0600D28-F320-4699-A27C-6E5E8DC68141} = {878244DB-E4DB-4765-A0B2-06902735BD97}
		{2E9A96F8-6972-4397-B4D6-DA1EB33F712E} = {878244DB-E4DB-4765-A0B2-06902735BD97}
		{700802FE-273B-4D29-9AEE-B476DEECCAC7} = {878244DB-E4DB-4765-A0B2-06902735BD97}
	EndGlobalSection
EndGlobal
